// !$*UTF8*$!
{
	archiveVersion = 1;
	classes = {
	};
	objectVersion = 50;
	objects = {

/* Begin PBXBuildFile section */
		645FEF4F21504DC600F75D56 /* DetailViewController.swift in Sources */ = {isa = PBXBuildFile; fileRef = 645FEF4E21504DC600F75D56 /* DetailViewController.swift */; };
		647499E8214DF1AE004DA622 /* AppDelegate.swift in Sources */ = {isa = PBXBuildFile; fileRef = 647499E7214DF1AE004DA622 /* AppDelegate.swift */; };
		647499ED214DF1AE004DA622 /* Main.storyboard in Resources */ = {isa = PBXBuildFile; fileRef = 647499EB214DF1AE004DA622 /* Main.storyboard */; };
		647499EF214DF1AF004DA622 /* Assets.xcassets in Resources */ = {isa = PBXBuildFile; fileRef = 647499EE214DF1AF004DA622 /* Assets.xcassets */; };
		647499F2214DF1AF004DA622 /* LaunchScreen.storyboard in Resources */ = {isa = PBXBuildFile; fileRef = 647499F0214DF1AF004DA622 /* LaunchScreen.storyboard */; };
		64CD51C0214DF5FD00BC06FC /* NowPlayingViewController.swift in Sources */ = {isa = PBXBuildFile; fileRef = 64CD51BF214DF5FD00BC06FC /* NowPlayingViewController.swift */; };
		64CD51C2214E01B100BC06FC /* MovieCell.swift in Sources */ = {isa = PBXBuildFile; fileRef = 64CD51C1214E01B100BC06FC /* MovieCell.swift */; };
		64DEA8B2216EAAF2008EEA92 /* Movie.swift in Sources */ = {isa = PBXBuildFile; fileRef = 64DEA8B1216EAAF2008EEA92 /* Movie.swift */; };
		64DEA8B42172A138008EEA92 /* MovieApiManager.swift in Sources */ = {isa = PBXBuildFile; fileRef = 64DEA8B32172A138008EEA92 /* MovieApiManager.swift */; };
		64FB361A215705640094E7D0 /* PosterCell.swift in Sources */ = {isa = PBXBuildFile; fileRef = 64FB3619215705640094E7D0 /* PosterCell.swift */; };
		64FB361C215705DC0094E7D0 /* SuperheroViewController.swift in Sources */ = {isa = PBXBuildFile; fileRef = 64FB361B215705DC0094E7D0 /* SuperheroViewController.swift */; };
		A1E9736EDFAB0CEA30086D83 /* Pods_flixster.framework in Frameworks */ = {isa = PBXBuildFile; fileRef = 90BF961DBE40EBD3A58CC60E /* Pods_flixster.framework */; };
/* End PBXBuildFile section */

/* Begin PBXFileReference section */
		645FEF4E21504DC600F75D56 /* DetailViewController.swift */ = {isa = PBXFileReference; lastKnownFileType = sourcecode.swift; path = DetailViewController.swift; sourceTree = "<group>"; };
		647499E4214DF1AE004DA622 /* flixster.app */ = {isa = PBXFileReference; explicitFileType = wrapper.application; includeInIndex = 0; path = flixster.app; sourceTree = BUILT_PRODUCTS_DIR; };
		647499E7214DF1AE004DA622 /* AppDelegate.swift */ = {isa = PBXFileReference; lastKnownFileType = sourcecode.swift; path = AppDelegate.swift; sourceTree = "<group>"; };
		647499EC214DF1AE004DA622 /* Base */ = {isa = PBXFileReference; lastKnownFileType = file.storyboard; name = Base; path = Base.lproj/Main.storyboard; sourceTree = "<group>"; };
		647499EE214DF1AF004DA622 /* Assets.xcassets */ = {isa = PBXFileReference; lastKnownFileType = folder.assetcatalog; path = Assets.xcassets; sourceTree = "<group>"; };
		647499F1214DF1AF004DA622 /* Base */ = {isa = PBXFileReference; lastKnownFileType = file.storyboard; name = Base; path = Base.lproj/LaunchScreen.storyboard; sourceTree = "<group>"; };
		647499F3214DF1AF004DA622 /* Info.plist */ = {isa = PBXFileReference; lastKnownFileType = text.plist.xml; path = Info.plist; sourceTree = "<group>"; };
		64CD51BF214DF5FD00BC06FC /* NowPlayingViewController.swift */ = {isa = PBXFileReference; lastKnownFileType = sourcecode.swift; path = NowPlayingViewController.swift; sourceTree = "<group>"; };
		64CD51C1214E01B100BC06FC /* MovieCell.swift */ = {isa = PBXFileReference; lastKnownFileType = sourcecode.swift; path = MovieCell.swift; sourceTree = "<group>"; };
		64DEA8B1216EAAF2008EEA92 /* Movie.swift */ = {isa = PBXFileReference; lastKnownFileType = sourcecode.swift; path = Movie.swift; sourceTree = "<group>"; };
		64DEA8B32172A138008EEA92 /* MovieApiManager.swift */ = {isa = PBXFileReference; lastKnownFileType = sourcecode.swift; path = MovieApiManager.swift; sourceTree = "<group>"; };
		64FB3619215705640094E7D0 /* PosterCell.swift */ = {isa = PBXFileReference; lastKnownFileType = sourcecode.swift; path = PosterCell.swift; sourceTree = "<group>"; };
		64FB361B215705DC0094E7D0 /* SuperheroViewController.swift */ = {isa = PBXFileReference; lastKnownFileType = sourcecode.swift; path = SuperheroViewController.swift; sourceTree = "<group>"; };
		90BF961DBE40EBD3A58CC60E /* Pods_flixster.framework */ = {isa = PBXFileReference; explicitFileType = wrapper.framework; includeInIndex = 0; path = Pods_flixster.framework; sourceTree = BUILT_PRODUCTS_DIR; };
		B2D933A07F7A1E7839F22B32 /* Pods-flixster.debug.xcconfig */ = {isa = PBXFileReference; includeInIndex = 1; lastKnownFileType = text.xcconfig; name = "Pods-flixster.debug.xcconfig"; path = "Pods/Target Support Files/Pods-flixster/Pods-flixster.debug.xcconfig"; sourceTree = "<group>"; };
		EFF90E547D074D5F0B3C3A58 /* Pods-flixster.release.xcconfig */ = {isa = PBXFileReference; includeInIndex = 1; lastKnownFileType = text.xcconfig; name = "Pods-flixster.release.xcconfig"; path = "Pods/Target Support Files/Pods-flixster/Pods-flixster.release.xcconfig"; sourceTree = "<group>"; };
/* End PBXFileReference section */

/* Begin PBXFrameworksBuildPhase section */
		647499E1214DF1AE004DA622 /* Frameworks */ = {
			isa = PBXFrameworksBuildPhase;
			buildActionMask = 2147483647;
			files = (
				A1E9736EDFAB0CEA30086D83 /* Pods_flixster.framework in Frameworks */,
			);
			runOnlyForDeploymentPostprocessing = 0;
		};
/* End PBXFrameworksBuildPhase section */

/* Begin PBXGroup section */
		0BE48FA36AE08B18094B3821 /* Frameworks */ = {
			isa = PBXGroup;
			children = (
				90BF961DBE40EBD3A58CC60E /* Pods_flixster.framework */,
			);
			name = Frameworks;
			sourceTree = "<group>";
		};
		645FEF4C21504D4700F75D56 /* ViewControllers */ = {
			isa = PBXGroup;
			children = (
				64CD51BF214DF5FD00BC06FC /* NowPlayingViewController.swift */,
				645FEF4E21504DC600F75D56 /* DetailViewController.swift */,
				64FB361B215705DC0094E7D0 /* SuperheroViewController.swift */,
			);
			path = ViewControllers;
			sourceTree = "<group>";
		};
		645FEF4D21504D6100F75D56 /* Views */ = {
			isa = PBXGroup;
			children = (
				64CD51C1214E01B100BC06FC /* MovieCell.swift */,
				64FB3619215705640094E7D0 /* PosterCell.swift */,
			);
			path = Views;
			sourceTree = "<group>";
		};
		647499DB214DF1AE004DA622 = {
			isa = PBXGroup;
			children = (
				647499E6214DF1AE004DA622 /* flixster */,
				647499E5214DF1AE004DA622 /* Products */,
				FA5C1F4B33356D7578BB2C5C /* Pods */,
				0BE48FA36AE08B18094B3821 /* Frameworks */,
			);
			sourceTree = "<group>";
		};
		647499E5214DF1AE004DA622 /* Products */ = {
			isa = PBXGroup;
			children = (
				647499E4214DF1AE004DA622 /* flixster.app */,
			);
			name = Products;
			sourceTree = "<group>";
		};
		647499E6214DF1AE004DA622 /* flixster */ = {
			isa = PBXGroup;
			children = (
				64DEA8B0216EAACF008EEA92 /* Model */,
				645FEF4D21504D6100F75D56 /* Views */,
				645FEF4C21504D4700F75D56 /* ViewControllers */,
				647499E7214DF1AE004DA622 /* AppDelegate.swift */,
				647499EB214DF1AE004DA622 /* Main.storyboard */,
				647499EE214DF1AF004DA622 /* Assets.xcassets */,
				647499F0214DF1AF004DA622 /* LaunchScreen.storyboard */,
				647499F3214DF1AF004DA622 /* Info.plist */,
				64DEA8B32172A138008EEA92 /* MovieApiManager.swift */,
			);
			path = flixster;
			sourceTree = "<group>";
		};
		64DEA8B0216EAACF008EEA92 /* Model */ = {
			isa = PBXGroup;
			children = (
				64DEA8B1216EAAF2008EEA92 /* Movie.swift */,
			);
			path = Model;
			sourceTree = "<group>";
		};
		FA5C1F4B33356D7578BB2C5C /* Pods */ = {
			isa = PBXGroup;
			children = (
				B2D933A07F7A1E7839F22B32 /* Pods-flixster.debug.xcconfig */,
				EFF90E547D074D5F0B3C3A58 /* Pods-flixster.release.xcconfig */,
			);
			name = Pods;
			sourceTree = "<group>";
		};
/* End PBXGroup section */

/* Begin PBXNativeTarget section */
		647499E3214DF1AE004DA622 /* flixster */ = {
			isa = PBXNativeTarget;
			buildConfigurationList = 647499F6214DF1AF004DA622 /* Build configuration list for PBXNativeTarget "flixster" */;
			buildPhases = (
				C38A1256E2321C51D67F72A4 /* [CP] Check Pods Manifest.lock */,
				647499E0214DF1AE004DA622 /* Sources */,
				647499E1214DF1AE004DA622 /* Frameworks */,
				647499E2214DF1AE004DA622 /* Resources */,
				9FDF0FD896E296AE7B34DFD2 /* [CP] Embed Pods Frameworks */,
			);
			buildRules = (
			);
			dependencies = (
			);
			name = flixster;
			productName = flixster;
			productReference = 647499E4214DF1AE004DA622 /* flixster.app */;
			productType = "com.apple.product-type.application";
		};
/* End PBXNativeTarget section */

/* Begin PBXProject section */
		647499DC214DF1AE004DA622 /* Project object */ = {
			isa = PBXProject;
			attributes = {
				LastSwiftUpdateCheck = 0940;
				LastUpgradeCheck = 0940;
				ORGANIZATIONNAME = "Chris Q.";
				TargetAttributes = {
					647499E3214DF1AE004DA622 = {
						CreatedOnToolsVersion = 9.4.1;
					};
				};
			};
			buildConfigurationList = 647499DF214DF1AE004DA622 /* Build configuration list for PBXProject "flixster" */;
			compatibilityVersion = "Xcode 9.3";
			developmentRegion = en;
			hasScannedForEncodings = 0;
			knownRegions = (
				en,
				Base,
			);
			mainGroup = 647499DB214DF1AE004DA622;
			productRefGroup = 647499E5214DF1AE004DA622 /* Products */;
			projectDirPath = "";
			projectRoot = "";
			targets = (
				647499E3214DF1AE004DA622 /* flixster */,
			);
		};
/* End PBXProject section */

/* Begin PBXResourcesBuildPhase section */
		647499E2214DF1AE004DA622 /* Resources */ = {
			isa = PBXResourcesBuildPhase;
			buildActionMask = 2147483647;
			files = (
				647499F2214DF1AF004DA622 /* LaunchScreen.storyboard in Resources */,
				647499EF214DF1AF004DA622 /* Assets.xcassets in Resources */,
				647499ED214DF1AE004DA622 /* Main.storyboard in Resources */,
			);
			runOnlyForDeploymentPostprocessing = 0;
		};
/* End PBXResourcesBuildPhase section */

/* Begin PBXShellScriptBuildPhase section */
		9FDF0FD896E296AE7B34DFD2 /* [CP] Embed Pods Frameworks */ = {
			isa = PBXShellScriptBuildPhase;
			buildActionMask = 2147483647;
			files = (
			);
			inputPaths = (
				"${SRCROOT}/Pods/Target Support Files/Pods-flixster/Pods-flixster-frameworks.sh",
				"${BUILT_PRODUCTS_DIR}/Alamofire/Alamofire.framework",
				"${BUILT_PRODUCTS_DIR}/AlamofireImage/AlamofireImage.framework",
			);
			name = "[CP] Embed Pods Frameworks";
			outputPaths = (
				"${TARGET_BUILD_DIR}/${FRAMEWORKS_FOLDER_PATH}/Alamofire.framework",
				"${TARGET_BUILD_DIR}/${FRAMEWORKS_FOLDER_PATH}/AlamofireImage.framework",
			);
			runOnlyForDeploymentPostprocessing = 0;
			shellPath = /bin/sh;
			shellScript = "\"${SRCROOT}/Pods/Target Support Files/Pods-flixster/Pods-flixster-frameworks.sh\"\n";
			showEnvVarsInLog = 0;
		};
		C38A1256E2321C51D67F72A4 /* [CP] Check Pods Manifest.lock */ = {
			isa = PBXShellScriptBuildPhase;
			buildActionMask = 2147483647;
			files = (
			);
			inputPaths = (
				"${PODS_PODFILE_DIR_PATH}/Podfile.lock",
				"${PODS_ROOT}/Manifest.lock",
			);
			name = "[CP] Check Pods Manifest.lock";
			outputPaths = (
				"$(DERIVED_FILE_DIR)/Pods-flixster-checkManifestLockResult.txt",
			);
			runOnlyForDeploymentPostprocessing = 0;
			shellPath = /bin/sh;
			shellScript = "diff \"${PODS_PODFILE_DIR_PATH}/Podfile.lock\" \"${PODS_ROOT}/Manifest.lock\" > /dev/null\nif [ $? != 0 ] ; then\n    # print error to STDERR\n    echo \"error: The sandbox is not in sync with the Podfile.lock. Run 'pod install' or update your CocoaPods installation.\" >&2\n    exit 1\nfi\n# This output is used by Xcode 'outputs' to avoid re-running this script phase.\necho \"SUCCESS\" > \"${SCRIPT_OUTPUT_FILE_0}\"\n";
			showEnvVarsInLog = 0;
		};
/* End PBXShellScriptBuildPhase section */

/* Begin PBXSourcesBuildPhase section */
		647499E0214DF1AE004DA622 /* Sources */ = {
			isa = PBXSourcesBuildPhase;
			buildActionMask = 2147483647;
			files = (
				64DEA8B2216EAAF2008EEA92 /* Movie.swift in Sources */,
				64CD51C0214DF5FD00BC06FC /* NowPlayingViewController.swift in Sources */,
				64FB361A215705640094E7D0 /* PosterCell.swift in Sources */,
				64FB361C215705DC0094E7D0 /* SuperheroViewController.swift in Sources */,
				647499E8214DF1AE004DA622 /* AppDelegate.swift in Sources */,
				64DEA8B42172A138008EEA92 /* MovieApiManager.swift in Sources */,
				64CD51C2214E01B100BC06FC /* MovieCell.swift in Sources */,
				645FEF4F21504DC600F75D56 /* DetailViewController.swift in Sources */,
			);
			runOnlyForDeploymentPostprocessing = 0;
		};
/* End PBXSourcesBuildPhase section */

/* Begin PBXVariantGroup section */
		647499EB214DF1AE004DA622 /* Main.storyboard */ = {
			isa = PBXVariantGroup;
			children = (
				647499EC214DF1AE004DA622 /* Base */,
			);
			name = Main.storyboard;
			sourceTree = "<group>";
		};
		647499F0214DF1AF004DA622 /* LaunchScreen.storyboard */ = {
			isa = PBXVariantGroup;
			children = (
				647499F1214DF1AF004DA622 /* Base */,
			);
			name = LaunchScreen.storyboard;
			sourceTree = "<group>";
		};
/* End PBXVariantGroup section */

/* Begin XCBuildConfiguration section */
		647499F4214DF1AF004DA622 /* Debug */ = {
			isa = XCBuildConfiguration;
			buildSettings = {
				ALWAYS_SEARCH_USER_PATHS = NO;
				CLANG_ANALYZER_NONNULL = YES;
				CLANG_ANALYZER_NUMBER_OBJECT_CONVERSION = YES_AGGRESSIVE;
				CLANG_CXX_LANGUAGE_STANDARD = "gnu++14";
				CLANG_CXX_LIBRARY = "libc++";
				CLANG_ENABLE_MODULES = YES;
				CLANG_ENABLE_OBJC_ARC = YES;
				CLANG_ENABLE_OBJC_WEAK = YES;
				CLANG_WARN_BLOCK_CAPTURE_AUTORELEASING = YES;
				CLANG_WARN_BOOL_CONVERSION = YES;
				CLANG_WARN_COMMA = YES;
				CLANG_WARN_CONSTANT_CONVERSION = YES;
				CLANG_WARN_DEPRECATED_OBJC_IMPLEMENTATIONS = YES;
				CLANG_WARN_DIRECT_OBJC_ISA_USAGE = YES_ERROR;
				CLANG_WARN_DOCUMENTATION_COMMENTS = YES;
				CLANG_WARN_EMPTY_BODY = YES;
				CLANG_WARN_ENUM_CONVERSION = YES;
				CLANG_WARN_INFINITE_RECURSION = YES;
				CLANG_WARN_INT_CONVERSION = YES;
				CLANG_WARN_NON_LITERAL_NULL_CONVERSION = YES;
				CLANG_WARN_OBJC_IMPLICIT_RETAIN_SELF = YES;
				CLANG_WARN_OBJC_LITERAL_CONVERSION = YES;
				CLANG_WARN_OBJC_ROOT_CLASS = YES_ERROR;
				CLANG_WARN_RANGE_LOOP_ANALYSIS = YES;
				CLANG_WARN_STRICT_PROTOTYPES = YES;
				CLANG_WARN_SUSPICIOUS_MOVE = YES;
				CLANG_WARN_UNGUARDED_AVAILABILITY = YES_AGGRESSIVE;
				CLANG_WARN_UNREACHABLE_CODE = YES;
				CLANG_WARN__DUPLICATE_METHOD_MATCH = YES;
				CODE_SIGN_IDENTITY = "iPhone Developer";
				COPY_PHASE_STRIP = NO;
				DEBUG_INFORMATION_FORMAT = dwarf;
				ENABLE_STRICT_OBJC_MSGSEND = YES;
				ENABLE_TESTABILITY = YES;
				GCC_C_LANGUAGE_STANDARD = gnu11;
				GCC_DYNAMIC_NO_PIC = NO;
				GCC_NO_COMMON_BLOCKS = YES;
				GCC_OPTIMIZATION_LEVEL = 0;
				GCC_PREPROCESSOR_DEFINITIONS = (
					"DEBUG=1",
					"$(inherited)",
				);
				GCC_WARN_64_TO_32_BIT_CONVERSION = YES;
				GCC_WARN_ABOUT_RETURN_TYPE = YES_ERROR;
				GCC_WARN_UNDECLARED_SELECTOR = YES;
				GCC_WARN_UNINITIALIZED_AUTOS = YES_AGGRESSIVE;
				GCC_WARN_UNUSED_FUNCTION = YES;
				GCC_WARN_UNUSED_VARIABLE = YES;
				IPHONEOS_DEPLOYMENT_TARGET = 11.4;
				MTL_ENABLE_DEBUG_INFO = YES;
				ONLY_ACTIVE_ARCH = YES;
				SDKROOT = iphoneos;
				SWIFT_ACTIVE_COMPILATION_CONDITIONS = DEBUG;
				SWIFT_OPTIMIZATION_LEVEL = "-Onone";
			};
			name = Debug;
		};
		647499F5214DF1AF004DA622 /* Release */ = {
			isa = XCBuildConfiguration;
			buildSettings = {
				ALWAYS_SEARCH_USER_PATHS = NO;
				CLANG_ANALYZER_NONNULL = YES;
				CLANG_ANALYZER_NUMBER_OBJECT_CONVERSION = YES_AGGRESSIVE;
				CLANG_CXX_LANGUAGE_STANDARD = "gnu++14";
				CLANG_CXX_LIBRARY = "libc++";
				CLANG_ENABLE_MODULES = YES;
				CLANG_ENABLE_OBJC_ARC = YES;
				CLANG_ENABLE_OBJC_WEAK = YES;
				CLANG_WARN_BLOCK_CAPTURE_AUTORELEASING = YES;
				CLANG_WARN_BOOL_CONVERSION = YES;
				CLANG_WARN_COMMA = YES;
				CLANG_WARN_CONSTANT_CONVERSION = YES;
				CLANG_WARN_DEPRECATED_OBJC_IMPLEMENTATIONS = YES;
				CLANG_WARN_DIRECT_OBJC_ISA_USAGE = YES_ERROR;
				CLANG_WARN_DOCUMENTATION_COMMENTS = YES;
				CLANG_WARN_EMPTY_BODY = YES;
				CLANG_WARN_ENUM_CONVERSION = YES;
				CLANG_WARN_INFINITE_RECURSION = YES;
				CLANG_WARN_INT_CONVERSION = YES;
				CLANG_WARN_NON_LITERAL_NULL_CONVERSION = YES;
				CLANG_WARN_OBJC_IMPLICIT_RETAIN_SELF = YES;
				CLANG_WARN_OBJC_LITERAL_CONVERSION = YES;
				CLANG_WARN_OBJC_ROOT_CLASS = YES_ERROR;
				CLANG_WARN_RANGE_LOOP_ANALYSIS = YES;
				CLANG_WARN_STRICT_PROTOTYPES = YES;
				CLANG_WARN_SUSPICIOUS_MOVE = YES;
				CLANG_WARN_UNGUARDED_AVAILABILITY = YES_AGGRESSIVE;
				CLANG_WARN_UNREACHABLE_CODE = YES;
				CLANG_WARN__DUPLICATE_METHOD_MATCH = YES;
				CODE_SIGN_IDENTITY = "iPhone Developer";
				COPY_PHASE_STRIP = NO;
				DEBUG_INFORMATION_FORMAT = "dwarf-with-dsym";
				ENABLE_NS_ASSERTIONS = NO;
				ENABLE_STRICT_OBJC_MSGSEND = YES;
				GCC_C_LANGUAGE_STANDARD = gnu11;
				GCC_NO_COMMON_BLOCKS = YES;
				GCC_WARN_64_TO_32_BIT_CONVERSION = YES;
				GCC_WARN_ABOUT_RETURN_TYPE = YES_ERROR;
				GCC_WARN_UNDECLARED_SELECTOR = YES;
				GCC_WARN_UNINITIALIZED_AUTOS = YES_AGGRESSIVE;
				GCC_WARN_UNUSED_FUNCTION = YES;
				GCC_WARN_UNUSED_VARIABLE = YES;
				IPHONEOS_DEPLOYMENT_TARGET = 11.4;
				MTL_ENABLE_DEBUG_INFO = NO;
				SDKROOT = iphoneos;
				SWIFT_COMPILATION_MODE = wholemodule;
				SWIFT_OPTIMIZATION_LEVEL = "-O";
				VALIDATE_PRODUCT = YES;
			};
			name = Release;
		};
		647499F7214DF1AF004DA622 /* Debug */ = {
			isa = XCBuildConfiguration;
			baseConfigurationReference = B2D933A07F7A1E7839F22B32 /* Pods-flixster.debug.xcconfig */;
			buildSettings = {
				ASSETCATALOG_COMPILER_APPICON_NAME = AppIcon;
				CODE_SIGN_STYLE = Automatic;
				INFOPLIST_FILE = flixster/Info.plist;
				LD_RUNPATH_SEARCH_PATHS = (
					"$(inherited)",
					"@executable_path/Frameworks",
				);
				PRODUCT_BUNDLE_IDENTIFIER = com.chrisq.flixster;
				PRODUCT_NAME = "$(TARGET_NAME)";
				SWIFT_VERSION = 4.0;
				TARGETED_DEVICE_FAMILY = "1,2";
			};
			name = Debug;
		};
		647499F8214DF1AF004DA622 /* Release */ = {
			isa = XCBuildConfiguration;
			baseConfigurationReference = EFF90E547D074D5F0B3C3A58 /* Pods-flixster.release.xcconfig */;
			buildSettings = {
				ASSETCATALOG_COMPILER_APPICON_NAME = AppIcon;
				CODE_SIGN_STYLE = Automatic;
				INFOPLIST_FILE = flixster/Info.plist;
				LD_RUNPATH_SEARCH_PATHS = (
					"$(inherited)",
					"@executable_path/Frameworks",
				);
				PRODUCT_BUNDLE_IDENTIFIER = com.chrisq.flixster;
				PRODUCT_NAME = "$(TARGET_NAME)";
				SWIFT_VERSION = 4.0;
				TARGETED_DEVICE_FAMILY = "1,2";
			};
			name = Release;
		};
/* End XCBuildConfiguration section */

/* Begin XCConfigurationList section */
		647499DF214DF1AE004DA622 /* Build configuration list for PBXProject "flixster" */ = {
			isa = XCConfigurationList;
			buildConfigurations = (
				647499F4214DF1AF004DA622 /* Debug */,
				647499F5214DF1AF004DA622 /* Release */,
			);
			defaultConfigurationIsVisible = 0;
			defaultConfigurationName = Release;
		};
		647499F6214DF1AF004DA622 /* Build configuration list for PBXNativeTarget "flixster" */ = {
			isa = XCConfigurationList;
			buildConfigurations = (
				647499F7214DF1AF004DA622 /* Debug */,
				647499F8214DF1AF004DA622 /* Release */,
			);
			defaultConfigurationIsVisible = 0;
			defaultConfigurationName = Release;
		};
/* End XCConfigurationList section */
	};
	rootObject = 647499DC214DF1AE004DA622 /* Project object */;
}
